
Microsoft Visual Studio Solution File, Format Version 12.00
# Visual Studio 15
VisualStudioVersion = 15.0.27004.2002
MinimumVisualStudioVersion = 10.0.40219.1
Project("{FAE04EC0-301F-11D3-BF4B-00C04F79EFBC}") = "lib", "lib\lib.csproj", "{000BB657-EA35-4411-A89B-F42095E739F6}"
EndProject
Project("{FAE04EC0-301F-11D3-BF4B-00C04F79EFBC}") = "test", "test\test.csproj", "{F6EFC4ED-B66A-4752-B6F7-311462C8A953}"
EndProject
Project("{2150E333-8FDC-42A3-9474-1A3956D46DE8}") = "samples", "samples", "{B2D3091D-AA53-408A-8572-806BFE427622}"
EndProject
Project("{FAE04EC0-301F-11D3-BF4B-00C04F79EFBC}") = "iOSSample", "samples\iOSSample\iOSSample.csproj", "{4DF91A74-D873-4478-9F2F-250D81983E08}"
EndProject
Project("{FAE04EC0-301F-11D3-BF4B-00C04F79EFBC}") = "ConsoleSample", "samples\ConsoleSample\ConsoleSample.csproj", "{DA5A56C4-9BC8-40DB-BF00-19A09AF91E1B}"
EndProject
Project("{FAE04EC0-301F-11D3-BF4B-00C04F79EFBC}") = "AndroidSample", "samples\AndroidSample\AndroidSample.csproj", "{FBCDE3B8-5766-4FDF-8819-07CDE5A3B73F}"
EndProject
Global
	GlobalSection(SolutionConfigurationPlatforms) = preSolution
		Ad-Hoc|Any CPU = Ad-Hoc|Any CPU
		Ad-Hoc|ARM = Ad-Hoc|ARM
		Ad-Hoc|iPhone = Ad-Hoc|iPhone
		Ad-Hoc|iPhoneSimulator = Ad-Hoc|iPhoneSimulator
		Ad-Hoc|x64 = Ad-Hoc|x64
		Ad-Hoc|x86 = Ad-Hoc|x86
		AppStore|Any CPU = AppStore|Any CPU
		AppStore|ARM = AppStore|ARM
		AppStore|iPhone = AppStore|iPhone
		AppStore|iPhoneSimulator = AppStore|iPhoneSimulator
		AppStore|x64 = AppStore|x64
		AppStore|x86 = AppStore|x86
		Debug|Any CPU = Debug|Any CPU
		Debug|ARM = Debug|ARM
		Debug|iPhone = Debug|iPhone
		Debug|iPhoneSimulator = Debug|iPhoneSimulator
		Debug|x64 = Debug|x64
		Debug|x86 = Debug|x86
		Release|Any CPU = Release|Any CPU
		Release|ARM = Release|ARM
		Release|iPhone = Release|iPhone
		Release|iPhoneSimulator = Release|iPhoneSimulator
		Release|x64 = Release|x64
		Release|x86 = Release|x86
	EndGlobalSection
	GlobalSection(ProjectConfigurationPlatforms) = postSolution
		{000BB657-EA35-4411-A89B-F42095E739F6}.Ad-Hoc|Any CPU.ActiveCfg = Debug|Any CPU
		{000BB657-EA35-4411-A89B-F42095E739F6}.Ad-Hoc|Any CPU.Build.0 = Debug|Any CPU
		{000BB657-EA35-4411-A89B-F42095E739F6}.Ad-Hoc|ARM.ActiveCfg = Debug|Any CPU
		{000BB657-EA35-4411-A89B-F42095E739F6}.Ad-Hoc|ARM.Build.0 = Debug|Any CPU
		{000BB657-EA35-4411-A89B-F42095E739F6}.Ad-Hoc|iPhone.ActiveCfg = Debug|Any CPU
		{000BB657-EA35-4411-A89B-F42095E739F6}.Ad-Hoc|iPhone.Build.0 = Debug|Any CPU
		{000BB657-EA35-4411-A89B-F42095E739F6}.Ad-Hoc|iPhoneSimulator.ActiveCfg = Debug|Any CPU
		{000BB657-EA35-4411-A89B-F42095E739F6}.Ad-Hoc|iPhoneSimulator.Build.0 = Debug|Any CPU
		{000BB657-EA35-4411-A89B-F42095E739F6}.Ad-Hoc|x64.ActiveCfg = Debug|Any CPU
		{000BB657-EA35-4411-A89B-F42095E739F6}.Ad-Hoc|x64.Build.0 = Debug|Any CPU
		{000BB657-EA35-4411-A89B-F42095E739F6}.Ad-Hoc|x86.ActiveCfg = Debug|Any CPU
		{000BB657-EA35-4411-A89B-F42095E739F6}.Ad-Hoc|x86.Build.0 = Debug|Any CPU
		{000BB657-EA35-4411-A89B-F42095E739F6}.AppStore|Any CPU.ActiveCfg = Debug|Any CPU
		{000BB657-EA35-4411-A89B-F42095E739F6}.AppStore|Any CPU.Build.0 = Debug|Any CPU
		{000BB657-EA35-4411-A89B-F42095E739F6}.AppStore|ARM.ActiveCfg = Debug|Any CPU
		{000BB657-EA35-4411-A89B-F42095E739F6}.AppStore|ARM.Build.0 = Debug|Any CPU
		{000BB657-EA35-4411-A89B-F42095E739F6}.AppStore|iPhone.ActiveCfg = Debug|Any CPU
		{000BB657-EA35-4411-A89B-F42095E739F6}.AppStore|iPhone.Build.0 = Debug|Any CPU
		{000BB657-EA35-4411-A89B-F42095E739F6}.AppStore|iPhoneSimulator.ActiveCfg = Debug|Any CPU
		{000BB657-EA35-4411-A89B-F42095E739F6}.AppStore|iPhoneSimulator.Build.0 = Debug|Any CPU
		{000BB657-EA35-4411-A89B-F42095E739F6}.AppStore|x64.ActiveCfg = Debug|Any CPU
		{000BB657-EA35-4411-A89B-F42095E739F6}.AppStore|x64.Build.0 = Debug|Any CPU
		{000BB657-EA35-4411-A89B-F42095E739F6}.AppStore|x86.ActiveCfg = Debug|Any CPU
		{000BB657-EA35-4411-A89B-F42095E739F6}.AppStore|x86.Build.0 = Debug|Any CPU
		{000BB657-EA35-4411-A89B-F42095E739F6}.Debug|Any CPU.ActiveCfg = Debug|Any CPU
		{000BB657-EA35-4411-A89B-F42095E739F6}.Debug|Any CPU.Build.0 = Debug|Any CPU
		{000BB657-EA35-4411-A89B-F42095E739F6}.Debug|ARM.ActiveCfg = Debug|Any CPU
		{000BB657-EA35-4411-A89B-F42095E739F6}.Debug|ARM.Build.0 = Debug|Any CPU
		{000BB657-EA35-4411-A89B-F42095E739F6}.Debug|iPhone.ActiveCfg = Debug|Any CPU
		{000BB657-EA35-4411-A89B-F42095E739F6}.Debug|iPhone.Build.0 = Debug|Any CPU
		{000BB657-EA35-4411-A89B-F42095E739F6}.Debug|iPhoneSimulator.ActiveCfg = Debug|Any CPU
		{000BB657-EA35-4411-A89B-F42095E739F6}.Debug|iPhoneSimulator.Build.0 = Debug|Any CPU
		{000BB657-EA35-4411-A89B-F42095E739F6}.Debug|x64.ActiveCfg = Debug|Any CPU
		{000BB657-EA35-4411-A89B-F42095E739F6}.Debug|x64.Build.0 = Debug|Any CPU
		{000BB657-EA35-4411-A89B-F42095E739F6}.Debug|x86.ActiveCfg = Debug|Any CPU
		{000BB657-EA35-4411-A89B-F42095E739F6}.Debug|x86.Build.0 = Debug|Any CPU
		{000BB657-EA35-4411-A89B-F42095E739F6}.Release|Any CPU.ActiveCfg = Release|Any CPU
		{000BB657-EA35-4411-A89B-F42095E739F6}.Release|Any CPU.Build.0 = Release|Any CPU
		{000BB657-EA35-4411-A89B-F42095E739F6}.Release|ARM.ActiveCfg = Release|Any CPU
		{000BB657-EA35-4411-A89B-F42095E739F6}.Release|ARM.Build.0 = Release|Any CPU
		{000BB657-EA35-4411-A89B-F42095E739F6}.Release|iPhone.ActiveCfg = Release|Any CPU
		{000BB657-EA35-4411-A89B-F42095E739F6}.Release|iPhone.Build.0 = Release|Any CPU
		{000BB657-EA35-4411-A89B-F42095E739F6}.Release|iPhoneSimulator.ActiveCfg = Release|Any CPU
		{000BB657-EA35-4411-A89B-F42095E739F6}.Release|iPhoneSimulator.Build.0 = Release|Any CPU
		{000BB657-EA35-4411-A89B-F42095E739F6}.Release|x64.ActiveCfg = Release|Any CPU
		{000BB657-EA35-4411-A89B-F42095E739F6}.Release|x64.Build.0 = Release|Any CPU
		{000BB657-EA35-4411-A89B-F42095E739F6}.Release|x86.ActiveCfg = Release|Any CPU
		{000BB657-EA35-4411-A89B-F42095E739F6}.Release|x86.Build.0 = Release|Any CPU
		{F6EFC4ED-B66A-4752-B6F7-311462C8A953}.Ad-Hoc|Any CPU.ActiveCfg = Debug|Any CPU
		{F6EFC4ED-B66A-4752-B6F7-311462C8A953}.Ad-Hoc|Any CPU.Build.0 = Debug|Any CPU
		{F6EFC4ED-B66A-4752-B6F7-311462C8A953}.Ad-Hoc|ARM.ActiveCfg = Debug|Any CPU
		{F6EFC4ED-B66A-4752-B6F7-311462C8A953}.Ad-Hoc|ARM.Build.0 = Debug|Any CPU
		{F6EFC4ED-B66A-4752-B6F7-311462C8A953}.Ad-Hoc|iPhone.ActiveCfg = Debug|Any CPU
		{F6EFC4ED-B66A-4752-B6F7-311462C8A953}.Ad-Hoc|iPhone.Build.0 = Debug|Any CPU
		{F6EFC4ED-B66A-4752-B6F7-311462C8A953}.Ad-Hoc|iPhoneSimulator.ActiveCfg = Debug|Any CPU
		{F6EFC4ED-B66A-4752-B6F7-311462C8A953}.Ad-Hoc|iPhoneSimulator.Build.0 = Debug|Any CPU
		{F6EFC4ED-B66A-4752-B6F7-311462C8A953}.Ad-Hoc|x64.ActiveCfg = Debug|Any CPU
		{F6EFC4ED-B66A-4752-B6F7-311462C8A953}.Ad-Hoc|x64.Build.0 = Debug|Any CPU
		{F6EFC4ED-B66A-4752-B6F7-311462C8A953}.Ad-Hoc|x86.ActiveCfg = Debug|Any CPU
		{F6EFC4ED-B66A-4752-B6F7-311462C8A953}.Ad-Hoc|x86.Build.0 = Debug|Any CPU
		{F6EFC4ED-B66A-4752-B6F7-311462C8A953}.AppStore|Any CPU.ActiveCfg = Debug|Any CPU
		{F6EFC4ED-B66A-4752-B6F7-311462C8A953}.AppStore|Any CPU.Build.0 = Debug|Any CPU
		{F6EFC4ED-B66A-4752-B6F7-311462C8A953}.AppStore|ARM.ActiveCfg = Debug|Any CPU
		{F6EFC4ED-B66A-4752-B6F7-311462C8A953}.AppStore|ARM.Build.0 = Debug|Any CPU
		{F6EFC4ED-B66A-4752-B6F7-311462C8A953}.AppStore|iPhone.ActiveCfg = Debug|Any CPU
		{F6EFC4ED-B66A-4752-B6F7-311462C8A953}.AppStore|iPhone.Build.0 = Debug|Any CPU
		{F6EFC4ED-B66A-4752-B6F7-311462C8A953}.AppStore|iPhoneSimulator.ActiveCfg = Debug|Any CPU
		{F6EFC4ED-B66A-4752-B6F7-311462C8A953}.AppStore|iPhoneSimulator.Build.0 = Debug|Any CPU
		{F6EFC4ED-B66A-4752-B6F7-311462C8A953}.AppStore|x64.ActiveCfg = Debug|Any CPU
		{F6EFC4ED-B66A-4752-B6F7-311462C8A953}.AppStore|x64.Build.0 = Debug|Any CPU
		{F6EFC4ED-B66A-4752-B6F7-311462C8A953}.AppStore|x86.ActiveCfg = Debug|Any CPU
		{F6EFC4ED-B66A-4752-B6F7-311462C8A953}.AppStore|x86.Build.0 = Debug|Any CPU
		{F6EFC4ED-B66A-4752-B6F7-311462C8A953}.Debug|Any CPU.ActiveCfg = Debug|Any CPU
		{F6EFC4ED-B66A-4752-B6F7-311462C8A953}.Debug|Any CPU.Build.0 = Debug|Any CPU
		{F6EFC4ED-B66A-4752-B6F7-311462C8A953}.Debug|ARM.ActiveCfg = Debug|Any CPU
		{F6EFC4ED-B66A-4752-B6F7-311462C8A953}.Debug|ARM.Build.0 = Debug|Any CPU
		{F6EFC4ED-B66A-4752-B6F7-311462C8A953}.Debug|iPhone.ActiveCfg = Debug|Any CPU
		{F6EFC4ED-B66A-4752-B6F7-311462C8A953}.Debug|iPhone.Build.0 = Debug|Any CPU
		{F6EFC4ED-B66A-4752-B6F7-311462C8A953}.Debug|iPhoneSimulator.ActiveCfg = Debug|Any CPU
		{F6EFC4ED-B66A-4752-B6F7-311462C8A953}.Debug|iPhoneSimulator.Build.0 = Debug|Any CPU
		{F6EFC4ED-B66A-4752-B6F7-311462C8A953}.Debug|x64.ActiveCfg = Debug|Any CPU
		{F6EFC4ED-B66A-4752-B6F7-311462C8A953}.Debug|x64.Build.0 = Debug|Any CPU
		{F6EFC4ED-B66A-4752-B6F7-311462C8A953}.Debug|x86.ActiveCfg = Debug|Any CPU
		{F6EFC4ED-B66A-4752-B6F7-311462C8A953}.Debug|x86.Build.0 = Debug|Any CPU
		{F6EFC4ED-B66A-4752-B6F7-311462C8A953}.Release|Any CPU.ActiveCfg = Release|Any CPU
		{F6EFC4ED-B66A-4752-B6F7-311462C8A953}.Release|Any CPU.Build.0 = Release|Any CPU
		{F6EFC4ED-B66A-4752-B6F7-311462C8A953}.Release|ARM.ActiveCfg = Release|Any CPU
		{F6EFC4ED-B66A-4752-B6F7-311462C8A953}.Release|ARM.Build.0 = Release|Any CPU
		{F6EFC4ED-B66A-4752-B6F7-311462C8A953}.Release|iPhone.ActiveCfg = Release|Any CPU
		{F6EFC4ED-B66A-4752-B6F7-311462C8A953}.Release|iPhone.Build.0 = Release|Any CPU
		{F6EFC4ED-B66A-4752-B6F7-311462C8A953}.Release|iPhoneSimulator.ActiveCfg = Release|Any CPU
		{F6EFC4ED-B66A-4752-B6F7-311462C8A953}.Release|iPhoneSimulator.Build.0 = Release|Any CPU
		{F6EFC4ED-B66A-4752-B6F7-311462C8A953}.Release|x64.ActiveCfg = Release|Any CPU
		{F6EFC4ED-B66A-4752-B6F7-311462C8A953}.Release|x64.Build.0 = Release|Any CPU
		{F6EFC4ED-B66A-4752-B6F7-311462C8A953}.Release|x86.ActiveCfg = Release|Any CPU
		{F6EFC4ED-B66A-4752-B6F7-311462C8A953}.Release|x86.Build.0 = Release|Any CPU
		{4DF91A74-D873-4478-9F2F-250D81983E08}.Ad-Hoc|Any CPU.ActiveCfg = Ad-Hoc|iPhone
		{4DF91A74-D873-4478-9F2F-250D81983E08}.Ad-Hoc|ARM.ActiveCfg = Ad-Hoc|iPhone
		{4DF91A74-D873-4478-9F2F-250D81983E08}.Ad-Hoc|iPhone.ActiveCfg = Ad-Hoc|iPhone
		{4DF91A74-D873-4478-9F2F-250D81983E08}.Ad-Hoc|iPhone.Build.0 = Ad-Hoc|iPhone
		{4DF91A74-D873-4478-9F2F-250D81983E08}.Ad-Hoc|iPhoneSimulator.ActiveCfg = Ad-Hoc|iPhoneSimulator
		{4DF91A74-D873-4478-9F2F-250D81983E08}.Ad-Hoc|iPhoneSimulator.Build.0 = Ad-Hoc|iPhoneSimulator
		{4DF91A74-D873-4478-9F2F-250D81983E08}.Ad-Hoc|x64.ActiveCfg = Ad-Hoc|iPhone
		{4DF91A74-D873-4478-9F2F-250D81983E08}.Ad-Hoc|x86.ActiveCfg = Ad-Hoc|iPhone
		{4DF91A74-D873-4478-9F2F-250D81983E08}.AppStore|Any CPU.ActiveCfg = AppStore|iPhone
		{4DF91A74-D873-4478-9F2F-250D81983E08}.AppStore|ARM.ActiveCfg = AppStore|iPhone
		{4DF91A74-D873-4478-9F2F-250D81983E08}.AppStore|iPhone.ActiveCfg = AppStore|iPhone
		{4DF91A74-D873-4478-9F2F-250D81983E08}.AppStore|iPhone.Build.0 = AppStore|iPhone
		{4DF91A74-D873-4478-9F2F-250D81983E08}.AppStore|iPhoneSimulator.ActiveCfg = AppStore|iPhoneSimulator
		{4DF91A74-D873-4478-9F2F-250D81983E08}.AppStore|iPhoneSimulator.Build.0 = AppStore|iPhoneSimulator
		{4DF91A74-D873-4478-9F2F-250D81983E08}.AppStore|x64.ActiveCfg = AppStore|iPhone
		{4DF91A74-D873-4478-9F2F-250D81983E08}.AppStore|x86.ActiveCfg = AppStore|iPhone
		{4DF91A74-D873-4478-9F2F-250D81983E08}.Debug|Any CPU.ActiveCfg = Debug|iPhone
		{4DF91A74-D873-4478-9F2F-250D81983E08}.Debug|ARM.ActiveCfg = Debug|iPhone
		{4DF91A74-D873-4478-9F2F-250D81983E08}.Debug|iPhone.ActiveCfg = Debug|iPhone
		{4DF91A74-D873-4478-9F2F-250D81983E08}.Debug|iPhone.Build.0 = Debug|iPhone
		{4DF91A74-D873-4478-9F2F-250D81983E08}.Debug|iPhoneSimulator.ActiveCfg = Debug|iPhoneSimulator
		{4DF91A74-D873-4478-9F2F-250D81983E08}.Debug|iPhoneSimulator.Build.0 = Debug|iPhoneSimulator
		{4DF91A74-D873-4478-9F2F-250D81983E08}.Debug|x64.ActiveCfg = Debug|iPhone
		{4DF91A74-D873-4478-9F2F-250D81983E08}.Debug|x86.ActiveCfg = Debug|iPhone
		{4DF91A74-D873-4478-9F2F-250D81983E08}.Release|Any CPU.ActiveCfg = Release|iPhone
		{4DF91A74-D873-4478-9F2F-250D81983E08}.Release|ARM.ActiveCfg = Release|iPhone
		{4DF91A74-D873-4478-9F2F-250D81983E08}.Release|iPhone.ActiveCfg = Release|iPhone
		{4DF91A74-D873-4478-9F2F-250D81983E08}.Release|iPhone.Build.0 = Release|iPhone
		{4DF91A74-D873-4478-9F2F-250D81983E08}.Release|iPhoneSimulator.ActiveCfg = Release|iPhoneSimulator
		{4DF91A74-D873-4478-9F2F-250D81983E08}.Release|iPhoneSimulator.Build.0 = Release|iPhoneSimulator
		{4DF91A74-D873-4478-9F2F-250D81983E08}.Release|x64.ActiveCfg = Release|iPhone
		{4DF91A74-D873-4478-9F2F-250D81983E08}.Release|x86.ActiveCfg = Release|iPhone
		{DA5A56C4-9BC8-40DB-BF00-19A09AF91E1B}.Ad-Hoc|Any CPU.ActiveCfg = Debug|Any CPU
		{DA5A56C4-9BC8-40DB-BF00-19A09AF91E1B}.Ad-Hoc|Any CPU.Build.0 = Debug|Any CPU
		{DA5A56C4-9BC8-40DB-BF00-19A09AF91E1B}.Ad-Hoc|ARM.ActiveCfg = Debug|Any CPU
		{DA5A56C4-9BC8-40DB-BF00-19A09AF91E1B}.Ad-Hoc|ARM.Build.0 = Debug|Any CPU
		{DA5A56C4-9BC8-40DB-BF00-19A09AF91E1B}.Ad-Hoc|iPhone.ActiveCfg = Debug|Any CPU
		{DA5A56C4-9BC8-40DB-BF00-19A09AF91E1B}.Ad-Hoc|iPhone.Build.0 = Debug|Any CPU
		{DA5A56C4-9BC8-40DB-BF00-19A09AF91E1B}.Ad-Hoc|iPhoneSimulator.ActiveCfg = Debug|Any CPU
		{DA5A56C4-9BC8-40DB-BF00-19A09AF91E1B}.Ad-Hoc|iPhoneSimulator.Build.0 = Debug|Any CPU
		{DA5A56C4-9BC8-40DB-BF00-19A09AF91E1B}.Ad-Hoc|x64.ActiveCfg = Debug|Any CPU
		{DA5A56C4-9BC8-40DB-BF00-19A09AF91E1B}.Ad-Hoc|x64.Build.0 = Debug|Any CPU
		{DA5A56C4-9BC8-40DB-BF00-19A09AF91E1B}.Ad-Hoc|x86.ActiveCfg = Debug|Any CPU
		{DA5A56C4-9BC8-40DB-BF00-19A09AF91E1B}.Ad-Hoc|x86.Build.0 = Debug|Any CPU
		{DA5A56C4-9BC8-40DB-BF00-19A09AF91E1B}.AppStore|Any CPU.ActiveCfg = Debug|Any CPU
		{DA5A56C4-9BC8-40DB-BF00-19A09AF91E1B}.AppStore|Any CPU.Build.0 = Debug|Any CPU
		{DA5A56C4-9BC8-40DB-BF00-19A09AF91E1B}.AppStore|ARM.ActiveCfg = Debug|Any CPU
		{DA5A56C4-9BC8-40DB-BF00-19A09AF91E1B}.AppStore|ARM.Build.0 = Debug|Any CPU
		{DA5A56C4-9BC8-40DB-BF00-19A09AF91E1B}.AppStore|iPhone.ActiveCfg = Debug|Any CPU
		{DA5A56C4-9BC8-40DB-BF00-19A09AF91E1B}.AppStore|iPhone.Build.0 = Debug|Any CPU
		{DA5A56C4-9BC8-40DB-BF00-19A09AF91E1B}.AppStore|iPhoneSimulator.ActiveCfg = Debug|Any CPU
		{DA5A56C4-9BC8-40DB-BF00-19A09AF91E1B}.AppStore|iPhoneSimulator.Build.0 = Debug|Any CPU
		{DA5A56C4-9BC8-40DB-BF00-19A09AF91E1B}.AppStore|x64.ActiveCfg = Debug|Any CPU
		{DA5A56C4-9BC8-40DB-BF00-19A09AF91E1B}.AppStore|x64.Build.0 = Debug|Any CPU
		{DA5A56C4-9BC8-40DB-BF00-19A09AF91E1B}.AppStore|x86.ActiveCfg = Debug|Any CPU
		{DA5A56C4-9BC8-40DB-BF00-19A09AF91E1B}.AppStore|x86.Build.0 = Debug|Any CPU
		{DA5A56C4-9BC8-40DB-BF00-19A09AF91E1B}.Debug|Any CPU.ActiveCfg = Debug|Any CPU
		{DA5A56C4-9BC8-40DB-BF00-19A09AF91E1B}.Debug|Any CPU.Build.0 = Debug|Any CPU
		{DA5A56C4-9BC8-40DB-BF00-19A09AF91E1B}.Debug|ARM.ActiveCfg = Debug|Any CPU
		{DA5A56C4-9BC8-40DB-BF00-19A09AF91E1B}.Debug|ARM.Build.0 = Debug|Any CPU
		{DA5A56C4-9BC8-40DB-BF00-19A09AF91E1B}.Debug|iPhone.ActiveCfg = Debug|Any CPU
		{DA5A56C4-9BC8-40DB-BF00-19A09AF91E1B}.Debug|iPhone.Build.0 = Debug|Any CPU
		{DA5A56C4-9BC8-40DB-BF00-19A09AF91E1B}.Debug|iPhoneSimulator.ActiveCfg = Debug|Any CPU
		{DA5A56C4-9BC8-40DB-BF00-19A09AF91E1B}.Debug|iPhoneSimulator.Build.0 = Debug|Any CPU
		{DA5A56C4-9BC8-40DB-BF00-19A09AF91E1B}.Debug|x64.ActiveCfg = Debug|Any CPU
		{DA5A56C4-9BC8-40DB-BF00-19A09AF91E1B}.Debug|x64.Build.0 = Debug|Any CPU
		{DA5A56C4-9BC8-40DB-BF00-19A09AF91E1B}.Debug|x86.ActiveCfg = Debug|Any CPU
		{DA5A56C4-9BC8-40DB-BF00-19A09AF91E1B}.Debug|x86.Build.0 = Debug|Any CPU
		{DA5A56C4-9BC8-40DB-BF00-19A09AF91E1B}.Release|Any CPU.ActiveCfg = Release|Any CPU
		{DA5A56C4-9BC8-40DB-BF00-19A09AF91E1B}.Release|Any CPU.Build.0 = Release|Any CPU
		{DA5A56C4-9BC8-40DB-BF00-19A09AF91E1B}.Release|ARM.ActiveCfg = Release|Any CPU
		{DA5A56C4-9BC8-40DB-BF00-19A09AF91E1B}.Release|ARM.Build.0 = Release|Any CPU
		{DA5A56C4-9BC8-40DB-BF00-19A09AF91E1B}.Release|iPhone.ActiveCfg = Release|Any CPU
		{DA5A56C4-9BC8-40DB-BF00-19A09AF91E1B}.Release|iPhone.Build.0 = Release|Any CPU
		{DA5A56C4-9BC8-40DB-BF00-19A09AF91E1B}.Release|iPhoneSimulator.ActiveCfg = Release|Any CPU
		{DA5A56C4-9BC8-40DB-BF00-19A09AF91E1B}.Release|iPhoneSimulator.Build.0 = Release|Any CPU
		{DA5A56C4-9BC8-40DB-BF00-19A09AF91E1B}.Release|x64.ActiveCfg = Release|Any CPU
		{DA5A56C4-9BC8-40DB-BF00-19A09AF91E1B}.Release|x64.Build.0 = Release|Any CPU
		{DA5A56C4-9BC8-40DB-BF00-19A09AF91E1B}.Release|x86.ActiveCfg = Release|Any CPU
		{DA5A56C4-9BC8-40DB-BF00-19A09AF91E1B}.Release|x86.Build.0 = Release|Any CPU
		{FBCDE3B8-5766-4FDF-8819-07CDE5A3B73F}.Ad-Hoc|Any CPU.ActiveCfg = Release|Any CPU
		{FBCDE3B8-5766-4FDF-8819-07CDE5A3B73F}.Ad-Hoc|Any CPU.Build.0 = Release|Any CPU
		{FBCDE3B8-5766-4FDF-8819-07CDE5A3B73F}.Ad-Hoc|Any CPU.Deploy.0 = Release|Any CPU
		{FBCDE3B8-5766-4FDF-8819-07CDE5A3B73F}.Ad-Hoc|ARM.ActiveCfg = Release|Any CPU
		{FBCDE3B8-5766-4FDF-8819-07CDE5A3B73F}.Ad-Hoc|ARM.Build.0 = Release|Any CPU
		{FBCDE3B8-5766-4FDF-8819-07CDE5A3B73F}.Ad-Hoc|ARM.Deploy.0 = Release|Any CPU
		{FBCDE3B8-5766-4FDF-8819-07CDE5A3B73F}.Ad-Hoc|iPhone.ActiveCfg = Release|Any CPU
		{FBCDE3B8-5766-4FDF-8819-07CDE5A3B73F}.Ad-Hoc|iPhone.Build.0 = Release|Any CPU
		{FBCDE3B8-5766-4FDF-8819-07CDE5A3B73F}.Ad-Hoc|iPhone.Deploy.0 = Release|Any CPU
		{FBCDE3B8-5766-4FDF-8819-07CDE5A3B73F}.Ad-Hoc|iPhoneSimulator.ActiveCfg = Release|Any CPU
		{FBCDE3B8-5766-4FDF-8819-07CDE5A3B73F}.Ad-Hoc|iPhoneSimulator.Build.0 = Release|Any CPU
		{FBCDE3B8-5766-4FDF-8819-07CDE5A3B73F}.Ad-Hoc|iPhoneSimulator.Deploy.0 = Release|Any CPU
		{FBCDE3B8-5766-4FDF-8819-07CDE5A3B73F}.Ad-Hoc|x64.ActiveCfg = Release|Any CPU
		{FBCDE3B8-5766-4FDF-8819-07CDE5A3B73F}.Ad-Hoc|x64.Build.0 = Release|Any CPU
		{FBCDE3B8-5766-4FDF-8819-07CDE5A3B73F}.Ad-Hoc|x64.Deploy.0 = Release|Any CPU
		{FBCDE3B8-5766-4FDF-8819-07CDE5A3B73F}.Ad-Hoc|x86.ActiveCfg = Release|Any CPU
		{FBCDE3B8-5766-4FDF-8819-07CDE5A3B73F}.Ad-Hoc|x86.Build.0 = Release|Any CPU
		{FBCDE3B8-5766-4FDF-8819-07CDE5A3B73F}.Ad-Hoc|x86.Deploy.0 = Release|Any CPU
		{FBCDE3B8-5766-4FDF-8819-07CDE5A3B73F}.AppStore|Any CPU.ActiveCfg = Release|Any CPU
		{FBCDE3B8-5766-4FDF-8819-07CDE5A3B73F}.AppStore|Any CPU.Build.0 = Release|Any CPU
		{FBCDE3B8-5766-4FDF-8819-07CDE5A3B73F}.AppStore|Any CPU.Deploy.0 = Release|Any CPU
		{FBCDE3B8-5766-4FDF-8819-07CDE5A3B73F}.AppStore|ARM.ActiveCfg = Release|Any CPU
		{FBCDE3B8-5766-4FDF-8819-07CDE5A3B73F}.AppStore|ARM.Build.0 = Release|Any CPU
		{FBCDE3B8-5766-4FDF-8819-07CDE5A3B73F}.AppStore|ARM.Deploy.0 = Release|Any CPU
		{FBCDE3B8-5766-4FDF-8819-07CDE5A3B73F}.AppStore|iPhone.ActiveCfg = Release|Any CPU
		{FBCDE3B8-5766-4FDF-8819-07CDE5A3B73F}.AppStore|iPhone.Build.0 = Release|Any CPU
		{FBCDE3B8-5766-4FDF-8819-07CDE5A3B73F}.AppStore|iPhone.Deploy.0 = Release|Any CPU
		{FBCDE3B8-5766-4FDF-8819-07CDE5A3B73F}.AppStore|iPhoneSimulator.ActiveCfg = Release|Any CPU
		{FBCDE3B8-5766-4FDF-8819-07CDE5A3B73F}.AppStore|iPhoneSimulator.Build.0 = Release|Any CPU
		{FBCDE3B8-5766-4FDF-8819-07CDE5A3B73F}.AppStore|iPhoneSimulator.Deploy.0 = Release|Any CPU
		{FBCDE3B8-5766-4FDF-8819-07CDE5A3B73F}.AppStore|x64.ActiveCfg = Release|Any CPU
		{FBCDE3B8-5766-4FDF-8819-07CDE5A3B73F}.AppStore|x64.Build.0 = Release|Any CPU
		{FBCDE3B8-5766-4FDF-8819-07CDE5A3B73F}.AppStore|x64.Deploy.0 = Release|Any CPU
		{FBCDE3B8-5766-4FDF-8819-07CDE5A3B73F}.AppStore|x86.ActiveCfg = Release|Any CPU
		{FBCDE3B8-5766-4FDF-8819-07CDE5A3B73F}.AppStore|x86.Build.0 = Release|Any CPU
		{FBCDE3B8-5766-4FDF-8819-07CDE5A3B73F}.AppStore|x86.Deploy.0 = Release|Any CPU
		{FBCDE3B8-5766-4FDF-8819-07CDE5A3B73F}.Debug|Any CPU.ActiveCfg = Debug|Any CPU
		{FBCDE3B8-5766-4FDF-8819-07CDE5A3B73F}.Debug|Any CPU.Build.0 = Debug|Any CPU
		{FBCDE3B8-5766-4FDF-8819-07CDE5A3B73F}.Debug|Any CPU.Deploy.0 = Debug|Any CPU
		{FBCDE3B8-5766-4FDF-8819-07CDE5A3B73F}.Debug|ARM.ActiveCfg = Debug|Any CPU
		{FBCDE3B8-5766-4FDF-8819-07CDE5A3B73F}.Debug|ARM.Build.0 = Debug|Any CPU
		{FBCDE3B8-5766-4FDF-8819-07CDE5A3B73F}.Debug|ARM.Deploy.0 = Debug|Any CPU
		{FBCDE3B8-5766-4FDF-8819-07CDE5A3B73F}.Debug|iPhone.ActiveCfg = Debug|Any CPU
		{FBCDE3B8-5766-4FDF-8819-07CDE5A3B73F}.Debug|iPhone.Build.0 = Debug|Any CPU
		{FBCDE3B8-5766-4FDF-8819-07CDE5A3B73F}.Debug|iPhone.Deploy.0 = Debug|Any CPU
		{FBCDE3B8-5766-4FDF-8819-07CDE5A3B73F}.Debug|iPhoneSimulator.ActiveCfg = Debug|Any CPU
		{FBCDE3B8-5766-4FDF-8819-07CDE5A3B73F}.Debug|iPhoneSimulator.Build.0 = Debug|Any CPU
		{FBCDE3B8-5766-4FDF-8819-07CDE5A3B73F}.Debug|iPhoneSimulator.Deploy.0 = Debug|Any CPU
		{FBCDE3B8-5766-4FDF-8819-07CDE5A3B73F}.Debug|x64.ActiveCfg = Debug|Any CPU
		{FBCDE3B8-5766-4FDF-8819-07CDE5A3B73F}.Debug|x64.Build.0 = Debug|Any CPU
		{FBCDE3B8-5766-4FDF-8819-07CDE5A3B73F}.Debug|x64.Deploy.0 = Debug|Any CPU
		{FBCDE3B8-5766-4FDF-8819-07CDE5A3B73F}.Debug|x86.ActiveCfg = Debug|Any CPU
		{FBCDE3B8-5766-4FDF-8819-07CDE5A3B73F}.Debug|x86.Build.0 = Debug|Any CPU
		{FBCDE3B8-5766-4FDF-8819-07CDE5A3B73F}.Debug|x86.Deploy.0 = Debug|Any CPU
		{FBCDE3B8-5766-4FDF-8819-07CDE5A3B73F}.Release|Any CPU.ActiveCfg = Release|Any CPU
		{FBCDE3B8-5766-4FDF-8819-07CDE5A3B73F}.Release|Any CPU.Build.0 = Release|Any CPU
		{FBCDE3B8-5766-4FDF-8819-07CDE5A3B73F}.Release|Any CPU.Deploy.0 = Release|Any CPU
		{FBCDE3B8-5766-4FDF-8819-07CDE5A3B73F}.Release|ARM.ActiveCfg = Release|Any CPU
		{FBCDE3B8-5766-4FDF-8819-07CDE5A3B73F}.Release|ARM.Build.0 = Release|Any CPU
		{FBCDE3B8-5766-4FDF-8819-07CDE5A3B73F}.Release|ARM.Deploy.0 = Release|Any CPU
		{FBCDE3B8-5766-4FDF-8819-07CDE5A3B73F}.Release|iPhone.ActiveCfg = Release|Any CPU
		{FBCDE3B8-5766-4FDF-8819-07CDE5A3B73F}.Release|iPhone.Build.0 = Release|Any CPU
		{FBCDE3B8-5766-4FDF-8819-07CDE5A3B73F}.Release|iPhone.Deploy.0 = Release|Any CPU
		{FBCDE3B8-5766-4FDF-8819-07CDE5A3B73F}.Release|iPhoneSimulator.ActiveCfg = Release|Any CPU
		{FBCDE3B8-5766-4FDF-8819-07CDE5A3B73F}.Release|iPhoneSimulator.Build.0 = Release|Any CPU
		{FBCDE3B8-5766-4FDF-8819-07CDE5A3B73F}.Release|iPhoneSimulator.Deploy.0 = Release|Any CPU
		{FBCDE3B8-5766-4FDF-8819-07CDE5A3B73F}.Release|x64.ActiveCfg = Release|Any CPU
		{FBCDE3B8-5766-4FDF-8819-07CDE5A3B73F}.Release|x64.Build.0 = Release|Any CPU
		{FBCDE3B8-5766-4FDF-8819-07CDE5A3B73F}.Release|x64.Deploy.0 = Release|Any CPU
		{FBCDE3B8-5766-4FDF-8819-07CDE5A3B73F}.Release|x86.ActiveCfg = Release|Any CPU
		{FBCDE3B8-5766-4FDF-8819-07CDE5A3B73F}.Release|x86.Build.0 = Release|Any CPU
		{FBCDE3B8-5766-4FDF-8819-07CDE5A3B73F}.Release|x86.Deploy.0 = Release|Any CPU
	EndGlobalSection
	GlobalSection(SolutionProperties) = preSolution
		HideSolutionNode = FALSE
	EndGlobalSection
	GlobalSection(NestedProjects) = preSolution
		{4DF91A74-D873-4478-9F2F-250D81983E08} = {B2D3091D-AA53-408A-8572-806BFE427622}
		{DA5A56C4-9BC8-40DB-BF00-19A09AF91E1B} = {B2D3091D-AA53-408A-8572-806BFE427622}
		{FBCDE3B8-5766-4FDF-8819-07CDE5A3B73F} = {B2D3091D-AA53-408A-8572-806BFE427622}
	EndGlobalSection
	GlobalSection(ExtensibilityGlobals) = postSolution
		SolutionGuid = {4E1B541E-53DD-4920-94CD-86E34BF61965}
	EndGlobalSection
EndGlobal
